
Microsoft Visual Studio Solution File, Format Version 11.00
# Visual Studio 2010
Project("{8BC9CEB8-8B4A-11D0-8D11-00A0C91BC942}") = "Intelligent_Scissor", "Intelligent_Scissor\Intelligent_Scissor.vcxproj", "{0DE2CF77-8643-4109-BBDA-2A138D9CAD62}"
EndProject
Global
	GlobalSection(SolutionConfigurationPlatforms) = preSolution
		Debug|Win32 = Debug|Win32
		Release|Win32 = Release|Win32
	EndGlobalSection
	GlobalSection(ProjectConfigurationPlatforms) = postSolution
		{0DE2CF77-8643-4109-BBDA-2A138D9CAD62}.Debug|Win32.ActiveCfg = Debug|Win32
		{0DE2CF77-8643-4109-BBDA-2A138D9CAD62}.Debug|Win32.Build.0 = Debug|Win32
		{0DE2CF77-8643-4109-BBDA-2A138D9CAD62}.Release|Win32.ActiveCfg = Release|Win32
		{0DE2CF77-8643-4109-BBDA-2A138D9CAD62}.Release|Win32.Build.0 = Release|Win32
	EndGlobalSection
	GlobalSection(SolutionProperties) = preSolution
		HideSolutionNode = FALSE
	EndGlobalSection
EndGlobal
